
Microsoft Visual Studio Solution File, Format Version 12.00
# Visual Studio 15
Project("{FAE04EC0-301F-11D3-BF4B-00C04F79EFBC}") = "Assembly-CSharp-firstpass", "Assembly-CSharp-firstpass.csproj", "{2CAEAAD2-E5CC-BC5B-9E03-AF007AB62F18}"
EndProject
Project("{FAE04EC0-301F-11D3-BF4B-00C04F79EFBC}") = "Assembly-CSharp", "Assembly-CSharp.csproj", "{22BD3DC1-4842-8236-198D-A60EB5D05E0F}"
EndProject
Project("{FAE04EC0-301F-11D3-BF4B-00C04F79EFBC}") = "Assembly-CSharp-Editor-firstpass", "Assembly-CSharp-Editor-firstpass.csproj", "{FC8ED302-B4DF-B742-9269-76249667F7D7}"
EndProject
Project("{FAE04EC0-301F-11D3-BF4B-00C04F79EFBC}") = "Substance.Platform", "Substance.Platform.csproj", "{F6996863-248E-F12E-80FC-29D0EE8BB49A}"
EndProject
Project("{FAE04EC0-301F-11D3-BF4B-00C04F79EFBC}") = "Substance.EditorHelper", "Substance.EditorHelper.csproj", "{1D6AB48E-A239-EB21-3620-1B60D530081A}"
EndProject
Global
	GlobalSection(SolutionConfigurationPlatforms) = preSolution
		Debug|Any CPU = Debug|Any CPU
		Release|Any CPU = Release|Any CPU
	EndGlobalSection
	GlobalSection(ProjectConfigurationPlatforms) = postSolution
		{2CAEAAD2-E5CC-BC5B-9E03-AF007AB62F18}.Debug|Any CPU.ActiveCfg = Debug|Any CPU
		{2CAEAAD2-E5CC-BC5B-9E03-AF007AB62F18}.Debug|Any CPU.Build.0 = Debug|Any CPU
		{2CAEAAD2-E5CC-BC5B-9E03-AF007AB62F18}.Release|Any CPU.ActiveCfg = Release|Any CPU
		{2CAEAAD2-E5CC-BC5B-9E03-AF007AB62F18}.Release|Any CPU.Build.0 = Release|Any CPU
		{22BD3DC1-4842-8236-198D-A60EB5D05E0F}.Debug|Any CPU.ActiveCfg = Debug|Any CPU
		{22BD3DC1-4842-8236-198D-A60EB5D05E0F}.Debug|Any CPU.Build.0 = Debug|Any CPU
		{22BD3DC1-4842-8236-198D-A60EB5D05E0F}.Release|Any CPU.ActiveCfg = Release|Any CPU
		{22BD3DC1-4842-8236-198D-A60EB5D05E0F}.Release|Any CPU.Build.0 = Release|Any CPU
		{FC8ED302-B4DF-B742-9269-76249667F7D7}.Debug|Any CPU.ActiveCfg = Debug|Any CPU
		{FC8ED302-B4DF-B742-9269-76249667F7D7}.Debug|Any CPU.Build.0 = Debug|Any CPU
		{FC8ED302-B4DF-B742-9269-76249667F7D7}.Release|Any CPU.ActiveCfg = Release|Any CPU
		{FC8ED302-B4DF-B742-9269-76249667F7D7}.Release|Any CPU.Build.0 = Release|Any CPU
		{F6996863-248E-F12E-80FC-29D0EE8BB49A}.Debug|Any CPU.ActiveCfg = Debug|Any CPU
		{F6996863-248E-F12E-80FC-29D0EE8BB49A}.Debug|Any CPU.Build.0 = Debug|Any CPU
		{F6996863-248E-F12E-80FC-29D0EE8BB49A}.Release|Any CPU.ActiveCfg = Release|Any CPU
		{F6996863-248E-F12E-80FC-29D0EE8BB49A}.Release|Any CPU.Build.0 = Release|Any CPU
		{1D6AB48E-A239-EB21-3620-1B60D530081A}.Debug|Any CPU.ActiveCfg = Debug|Any CPU
		{1D6AB48E-A239-EB21-3620-1B60D530081A}.Debug|Any CPU.Build.0 = Debug|Any CPU
		{1D6AB48E-A239-EB21-3620-1B60D530081A}.Release|Any CPU.ActiveCfg = Release|Any CPU
		{1D6AB48E-A239-EB21-3620-1B60D530081A}.Release|Any CPU.Build.0 = Release|Any CPU
	EndGlobalSection
	GlobalSection(SolutionProperties) = preSolution
		HideSolutionNode = FALSE
	EndGlobalSection
EndGlobal
